
Microsoft Visual Studio Solution File, Format Version 12.00
Project("{FAE04EC0-301F-11D3-BF4B-00C04F79EFBC}") = "PeopleIO.API", "PeopleIO.API\PeopleIO.API.csproj", "{F4D5AB85-EAC9-499B-93B1-F26A26AC50AF}"
EndProject
Project("{FAE04EC0-301F-11D3-BF4B-00C04F79EFBC}") = "PeopleIO.Domain", "PeopleIO.Domain\PeopleIO.Domain.csproj", "{9F43930F-9560-4735-9F5F-F66EF0345FBA}"
EndProject
Project("{FAE04EC0-301F-11D3-BF4B-00C04F79EFBC}") = "PeopleIO.Infrastructure", "PeopleIO.Infrastructure\PeopleIO.Infrastructure.csproj", "{606F5F27-3438-4883-8318-216AC008BC27}"
EndProject
Project("{FAE04EC0-301F-11D3-BF4B-00C04F79EFBC}") = "PeopleIO.Communication", "PeopleIO.Communication\PeopleIO.Communication.csproj", "{33EABC6D-8803-4DEB-B110-D3F59ABE2EEE}"
EndProject
Project("{FAE04EC0-301F-11D3-BF4B-00C04F79EFBC}") = "PeopleIO.Application", "PeopleIO.Application\PeopleIO.Application.csproj", "{80C2A9C0-FD28-43C2-ACA4-C1572B9B65E4}"
EndProject
Global
	GlobalSection(SolutionConfigurationPlatforms) = preSolution
		Debug|Any CPU = Debug|Any CPU
		Release|Any CPU = Release|Any CPU
	EndGlobalSection
	GlobalSection(ProjectConfigurationPlatforms) = postSolution
		{F4D5AB85-EAC9-499B-93B1-F26A26AC50AF}.Debug|Any CPU.ActiveCfg = Debug|Any CPU
		{F4D5AB85-EAC9-499B-93B1-F26A26AC50AF}.Debug|Any CPU.Build.0 = Debug|Any CPU
		{F4D5AB85-EAC9-499B-93B1-F26A26AC50AF}.Release|Any CPU.ActiveCfg = Release|Any CPU
		{F4D5AB85-EAC9-499B-93B1-F26A26AC50AF}.Release|Any CPU.Build.0 = Release|Any CPU
		{9F43930F-9560-4735-9F5F-F66EF0345FBA}.Debug|Any CPU.ActiveCfg = Debug|Any CPU
		{9F43930F-9560-4735-9F5F-F66EF0345FBA}.Debug|Any CPU.Build.0 = Debug|Any CPU
		{9F43930F-9560-4735-9F5F-F66EF0345FBA}.Release|Any CPU.ActiveCfg = Release|Any CPU
		{9F43930F-9560-4735-9F5F-F66EF0345FBA}.Release|Any CPU.Build.0 = Release|Any CPU
		{606F5F27-3438-4883-8318-216AC008BC27}.Debug|Any CPU.ActiveCfg = Debug|Any CPU
		{606F5F27-3438-4883-8318-216AC008BC27}.Debug|Any CPU.Build.0 = Debug|Any CPU
		{606F5F27-3438-4883-8318-216AC008BC27}.Release|Any CPU.ActiveCfg = Release|Any CPU
		{606F5F27-3438-4883-8318-216AC008BC27}.Release|Any CPU.Build.0 = Release|Any CPU
		{33EABC6D-8803-4DEB-B110-D3F59ABE2EEE}.Debug|Any CPU.ActiveCfg = Debug|Any CPU
		{33EABC6D-8803-4DEB-B110-D3F59ABE2EEE}.Debug|Any CPU.Build.0 = Debug|Any CPU
		{33EABC6D-8803-4DEB-B110-D3F59ABE2EEE}.Release|Any CPU.ActiveCfg = Release|Any CPU
		{33EABC6D-8803-4DEB-B110-D3F59ABE2EEE}.Release|Any CPU.Build.0 = Release|Any CPU
		{80C2A9C0-FD28-43C2-ACA4-C1572B9B65E4}.Debug|Any CPU.ActiveCfg = Debug|Any CPU
		{80C2A9C0-FD28-43C2-ACA4-C1572B9B65E4}.Debug|Any CPU.Build.0 = Debug|Any CPU
		{80C2A9C0-FD28-43C2-ACA4-C1572B9B65E4}.Release|Any CPU.ActiveCfg = Release|Any CPU
		{80C2A9C0-FD28-43C2-ACA4-C1572B9B65E4}.Release|Any CPU.Build.0 = Release|Any CPU
	EndGlobalSection
EndGlobal
